{
  "name": "openvidu-angular",
  "version": "2.32.0",
  "lockfileVersion": 3,
  "requires": true,
  "packages": {
    "": {
      "name": "openvidu-angular",
      "version": "2.32.0",
      "dependencies": {
        "tslib": "^2.3.0"
      },
      "peerDependencies": {
        "@angular/animations": "^14.0.0",
        "@angular/common": "^14.0.0",
        "@angular/core": "^14.0.0",
        "@angular/flex-layout": "^14.0.0-beta.40",
        "@angular/forms": "^14.0.0",
        "@angular/material": "^14.0.0",
        "autolinker": "^4.0.0",
        "buffer": "^6.0.3",
        "openvidu-browser": "2.29.0"
      }
    },
    "node_modules/@angular/animations": {
      "version": "14.3.0",
      "resolved": "https://registry.npmjs.org/@angular/animations/-/animations-14.3.0.tgz",
      "integrity": "sha512-QoBcIKy1ZiU+4qJsAh5Ls20BupWiXiZzKb0s6L9/dntPt5Msr4Ao289XR2P6O1L+kTsCprH9Kt41zyGQ/bkRqg==",
      "peer": true,
      "dependencies": {
        "tslib": "^2.3.0"
      },
      "engines": {
        "node": "^14.15.0 || >=16.10.0"
      },
      "peerDependencies": {
        "@angular/core": "14.3.0"
      }
    },
    "node_modules/@angular/cdk": {
      "version": "14.2.7",
      "resolved": "https://registry.npmjs.org/@angular/cdk/-/cdk-14.2.7.tgz",
      "integrity": "sha512-/tEsYaUbDSnfEmKVvAMramIptmhI67O+9STjOV0i+74XR2NospeK0fkbywIANu1n3w6AHGMotvRWJrjmbCElFg==",
      "peer": true,
      "dependencies": {
        "tslib": "^2.3.0"
      },
      "optionalDependencies": {
        "parse5": "^5.0.0"
      },
      "peerDependencies": {
        "@angular/common": "^14.0.0 || ^15.0.0",
        "@angular/core": "^14.0.0 || ^15.0.0",
        "rxjs": "^6.5.3 || ^7.4.0"
      }
    },
    "node_modules/@angular/common": {
      "version": "14.3.0",
      "resolved": "https://registry.npmjs.org/@angular/common/-/common-14.3.0.tgz",
      "integrity": "sha512-pV9oyG3JhGWeQ+TFB0Qub6a1VZWMNZ6/7zEopvYivdqa5yDLLDSBRWb6P80RuONXyGnM1pa7l5nYopX+r/23GQ==",
      "peer": true,
      "dependencies": {
        "tslib": "^2.3.0"
      },
      "engines": {
        "node": "^14.15.0 || >=16.10.0"
      },
      "peerDependencies": {
        "@angular/core": "14.3.0",
        "rxjs": "^6.5.3 || ^7.4.0"
      }
    },
    "node_modules/@angular/core": {
      "version": "14.3.0",
      "resolved": "https://registry.npmjs.org/@angular/core/-/core-14.3.0.tgz",
      "integrity": "sha512-wYiwItc0Uyn4FWZ/OAx/Ubp2/WrD3EgUJ476y1XI7yATGPF8n9Ld5iCXT08HOvc4eBcYlDfh90kTXR6/MfhzdQ==",
      "peer": true,
      "dependencies": {
        "tslib": "^2.3.0"
      },
      "engines": {
        "node": "^14.15.0 || >=16.10.0"
      },
      "peerDependencies": {
        "rxjs": "^6.5.3 || ^7.4.0",
        "zone.js": "~0.11.4 || ~0.12.0"
      }
    },
    "node_modules/@angular/flex-layout": {
      "version": "14.0.0-beta.41",
      "resolved": "https://registry.npmjs.org/@angular/flex-layout/-/flex-layout-14.0.0-beta.41.tgz",
      "integrity": "sha512-x1YcxqkdFlcbVXEy9ebCgW/F+7n/MXkEkwEcVEIPf5v5qn7HZsjQxgIj35Lf0amvMyF7h35prpoxO1uX5+ntFg==",
      "deprecated": "This package has been deprecated. Please see https://blog.angular.io/modern-css-in-angular-layouts-4a259dca9127",
      "peer": true,
      "dependencies": {
        "tslib": "^2.3.0"
      },
      "peerDependencies": {
        "@angular/cdk": "^14.0.0",
        "@angular/common": "^14.0.0",
        "@angular/core": "^14.0.0",
        "@angular/platform-browser": "^14.0.0",
        "rxjs": "^6.5.3 || ^7.4.0"
      }
    },
    "node_modules/@angular/forms": {
      "version": "14.3.0",
      "resolved": "https://registry.npmjs.org/@angular/forms/-/forms-14.3.0.tgz",
      "integrity": "sha512-fBZZC2UFMom2AZPjGQzROPXFWO6kvCsPDKctjJwClVC8PuMrkm+RRyiYRdBbt2qxWHEqOZM2OCQo73xUyZOYHw==",
      "peer": true,
      "dependencies": {
        "tslib": "^2.3.0"
      },
      "engines": {
        "node": "^14.15.0 || >=16.10.0"
      },
      "peerDependencies": {
        "@angular/common": "14.3.0",
        "@angular/core": "14.3.0",
        "@angular/platform-browser": "14.3.0",
        "rxjs": "^6.5.3 || ^7.4.0"
      }
    },
    "node_modules/@angular/material": {
      "version": "14.2.7",
      "resolved": "https://registry.npmjs.org/@angular/material/-/material-14.2.7.tgz",
      "integrity": "sha512-WXHh8pEStpgkXZJmYOg2cI8BSHkV82ET4XTJCNPdveumaCn1UYnaNzsXD13kw5z+zmy8CufhFEzdXTrv/yt7KQ==",
      "peer": true,
      "dependencies": {
        "tslib": "^2.3.0"
      },
      "peerDependencies": {
        "@angular/animations": "^14.0.0 || ^15.0.0",
        "@angular/cdk": "14.2.7",
        "@angular/common": "^14.0.0 || ^15.0.0",
        "@angular/core": "^14.0.0 || ^15.0.0",
        "@angular/forms": "^14.0.0 || ^15.0.0",
        "@angular/platform-browser": "^14.0.0 || ^15.0.0",
        "rxjs": "^6.5.3 || ^7.4.0"
      }
    },
    "node_modules/@angular/platform-browser": {
      "version": "14.3.0",
      "resolved": "https://registry.npmjs.org/@angular/platform-browser/-/platform-browser-14.3.0.tgz",
      "integrity": "sha512-w9Y3740UmTz44T0Egvc+4QV9sEbO61L+aRHbpkLTJdlEGzHByZvxJmJyBYmdqeyTPwc/Zpy7c02frlpfAlyB7A==",
      "peer": true,
      "dependencies": {
        "tslib": "^2.3.0"
      },
      "engines": {
        "node": "^14.15.0 || >=16.10.0"
      },
      "peerDependencies": {
        "@angular/animations": "14.3.0",
        "@angular/common": "14.3.0",
        "@angular/core": "14.3.0"
      },
      "peerDependenciesMeta": {
        "@angular/animations": {
          "optional": true
        }
      }
    },
    "node_modules/autolinker": {
      "version": "4.0.0",
      "resolved": "https://registry.npmjs.org/autolinker/-/autolinker-4.0.0.tgz",
      "integrity": "sha512-fl5Kh6BmEEZx+IWBfEirnRUU5+cOiV0OK7PEt0RBKvJMJ8GaRseIOeDU3FKf4j3CE5HVefcjHmhYPOcaVt0bZw==",
      "peer": true,
      "dependencies": {
        "tslib": "^2.3.0"
      }
    },
    "node_modules/base64-js": {
      "version": "1.5.1",
      "resolved": "https://registry.npmjs.org/base64-js/-/base64-js-1.5.1.tgz",
      "integrity": "sha512-AKpaYlHn8t4SVbOHCy+b5+KKgvR4vrsD8vbvrbiQJps7fKDTkjkDry6ji0rUJjC0kzbNePLwzxq8iypo41qeWA==",
      "funding": [
        {
          "type": "github",
          "url": "https://github.com/sponsors/feross"
        },
        {
          "type": "patreon",
          "url": "https://www.patreon.com/feross"
        },
        {
          "type": "consulting",
          "url": "https://feross.org/support"
        }
      ],
      "peer": true
    },
    "node_modules/buffer": {
      "version": "6.0.3",
      "resolved": "https://registry.npmjs.org/buffer/-/buffer-6.0.3.tgz",
      "integrity": "sha512-FTiCpNxtwiZZHEZbcbTIcZjERVICn9yq/pDFkTl95/AxzD1naBctN7YO68riM/gLSDY7sdrMby8hofADYuuqOA==",
      "funding": [
        {
          "type": "github",
          "url": "https://github.com/sponsors/feross"
        },
        {
          "type": "patreon",
          "url": "https://www.patreon.com/feross"
        },
        {
          "type": "consulting",
          "url": "https://feross.org/support"
        }
      ],
      "peer": true,
      "dependencies": {
        "base64-js": "^1.3.1",
        "ieee754": "^1.2.1"
      }
    },
    "node_modules/events": {
      "version": "3.3.0",
      "resolved": "https://registry.npmjs.org/events/-/events-3.3.0.tgz",
      "integrity": "sha512-mQw+2fkQbALzQ7V0MY0IqdnXNOeTtP4r0lN9z7AAawCXgqea7bDii20AYrIBrFd/Hx0M2Ocz6S111CaFkUcb0Q==",
      "peer": true,
      "engines": {
        "node": ">=0.8.x"
      }
    },
    "node_modules/freeice": {
      "version": "2.2.2",
      "resolved": "https://registry.npmjs.org/freeice/-/freeice-2.2.2.tgz",
      "integrity": "sha512-XNoIxDHufqPIBSLpp4IrFPnoc+hv/0RwdOGhIoggIDC2ZKf5r6OoixbeoFJSmZOAq2aYiEUArhuQ8zVVrM5C4w==",
      "peer": true,
      "dependencies": {
        "normalice": "^1.0.0"
      }
    },
    "node_modules/hark": {
      "version": "1.2.3",
      "resolved": "https://registry.npmjs.org/hark/-/hark-1.2.3.tgz",
      "integrity": "sha512-u68vz9SCa38ESiFJSDjqK8XbXqWzyot7Cj6Y2b6jk2NJ+II3MY2dIrLMg/kjtIAun4Y1DHF/20hfx4rq1G5GMg==",
      "peer": true,
      "dependencies": {
        "wildemitter": "^1.2.0"
      }
    },
    "node_modules/ieee754": {
      "version": "1.2.1",
      "resolved": "https://registry.npmjs.org/ieee754/-/ieee754-1.2.1.tgz",
      "integrity": "sha512-dcyqhDvX1C46lXZcVqCpK+FtMRQVdIMN6/Df5js2zouUsqG7I6sFxitIC+7KYK29KdXOLHdu9zL4sFnoVQnqaA==",
      "funding": [
        {
          "type": "github",
          "url": "https://github.com/sponsors/feross"
        },
        {
          "type": "patreon",
          "url": "https://www.patreon.com/feross"
        },
        {
          "type": "consulting",
          "url": "https://feross.org/support"
        }
      ],
      "peer": true
    },
    "node_modules/inherits": {
      "version": "2.0.4",
      "resolved": "https://registry.npmjs.org/inherits/-/inherits-2.0.4.tgz",
      "integrity": "sha512-k/vGaX4/Yla3WzyMCvTQOXYeIHvqOKtnqBduzTHpzpQZzAskKMhZ2K+EnBiSM9zGSoIFeMpXKxa4dYeZIQqewQ==",
      "peer": true
    },
    "node_modules/jsnlog": {
      "version": "2.30.0",
      "resolved": "https://registry.npmjs.org/jsnlog/-/jsnlog-2.30.0.tgz",
      "integrity": "sha512-o3ROQVkhek+dkc7/9TXlB4TNtxUpYsRLOBJHZYk3Vy0B5zRBmfv9tyr56PrjcgEXuy06ARgfLTANY0+ImhzzGA==",
      "peer": true
    },
    "node_modules/lru-cache": {
      "version": "6.0.0",
      "resolved": "https://registry.npmjs.org/lru-cache/-/lru-cache-6.0.0.tgz",
      "integrity": "sha512-Jo6dJ04CmSjuznwJSS3pUeWmd/H0ffTlkXXgwZi+eq1UCmqQwCh+eLsYOYCwY991i2Fah4h1BEMCx4qThGbsiA==",
      "peer": true,
      "dependencies": {
        "yallist": "^4.0.0"
      },
      "engines": {
        "node": ">=10"
      }
    },
    "node_modules/mime": {
      "version": "3.0.0",
      "resolved": "https://registry.npmjs.org/mime/-/mime-3.0.0.tgz",
      "integrity": "sha512-jSCU7/VB1loIWBZe14aEYHU/+1UMEHoaO7qxCOVJOw9GgH72VAWppxNcjU+x9a2k3GSIBXNKxXQFqRvvZ7vr3A==",
      "peer": true,
      "bin": {
        "mime": "cli.js"
      },
      "engines": {
        "node": ">=10.0.0"
      }
    },
    "node_modules/normalice": {
      "version": "1.0.1",
      "resolved": "https://registry.npmjs.org/normalice/-/normalice-1.0.1.tgz",
      "integrity": "sha512-wF2/tv9q/K8S+RqCgll5yC6z/zcXNr+rEHfGIw8A6D58vjfJo+kp749MI6cAHv72LE7nwv92Qi6tZhIeMOOJpg==",
      "peer": true
    },
    "node_modules/openvidu-browser": {
      "version": "2.29.0",
      "resolved": "https://registry.npmjs.org/openvidu-browser/-/openvidu-browser-2.29.0.tgz",
      "integrity": "sha512-s9BmrUdcs2Aduek7rAvr+Po4MfkHSXevPOQG4Hu0fGCTdDt+XWz4gNweg38MWlUFhZJdmSarWocGhcejIZ9v7A==",
      "peer": true,
      "dependencies": {
        "events": "3.3.0",
        "freeice": "2.2.2",
        "hark": "1.2.3",
        "inherits": "2.0.4",
        "jsnlog": "2.30.0",
        "mime": "3.0.0",
        "platform": "1.3.6",
        "semver": "7.3.8",
        "uuid": "9.0.0",
        "wolfy87-eventemitter": "5.2.9"
      }
    },
    "node_modules/parse5": {
      "version": "5.1.1",
      "resolved": "https://registry.npmjs.org/parse5/-/parse5-5.1.1.tgz",
      "integrity": "sha512-ugq4DFI0Ptb+WWjAdOK16+u/nHfiIrcE+sh8kZMaM0WllQKLI9rOUq6c2b7cwPkXdzfQESqvoqK6ug7U/Yyzug==",
      "optional": true,
      "peer": true
    },
    "node_modules/platform": {
      "version": "1.3.6",
      "resolved": "https://registry.npmjs.org/platform/-/platform-1.3.6.tgz",
      "integrity": "sha512-fnWVljUchTro6RiCFvCXBbNhJc2NijN7oIQxbwsyL0buWJPG85v81ehlHI9fXrJsMNgTofEoWIQeClKpgxFLrg==",
      "peer": true
    },
    "node_modules/rxjs": {
      "version": "7.8.0",
      "resolved": "https://registry.npmjs.org/rxjs/-/rxjs-7.8.0.tgz",
      "integrity": "sha512-F2+gxDshqmIub1KdvZkaEfGDwLNpPvk9Fs6LD/MyQxNgMds/WH9OdDDXOmxUZpME+iSK3rQCctkL0DYyytUqMg==",
      "peer": true,
      "dependencies": {
        "tslib": "^2.1.0"
      }
    },
    "node_modules/semver": {
      "version": "7.3.8",
      "resolved": "https://registry.npmjs.org/semver/-/semver-7.3.8.tgz",
      "integrity": "sha512-NB1ctGL5rlHrPJtFDVIVzTyQylMLu9N9VICA6HSFJo8MCGVTMW6gfpicwKmmK/dAjTOrqu5l63JJOpDSrAis3A==",
      "peer": true,
      "dependencies": {
        "lru-cache": "^6.0.0"
      },
      "bin": {
        "semver": "bin/semver.js"
      },
      "engines": {
        "node": ">=10"
      }
    },
    "node_modules/tslib": {
      "version": "2.5.0",
      "resolved": "https://registry.npmjs.org/tslib/-/tslib-2.5.0.tgz",
      "integrity": "sha512-336iVw3rtn2BUK7ORdIAHTyxHGRIHVReokCR3XjbckJMK7ms8FysBfhLR8IXnAgy7T0PTPNBWKiH514FOW/WSg=="
    },
    "node_modules/uuid": {
      "version": "9.0.0",
      "resolved": "https://registry.npmjs.org/uuid/-/uuid-9.0.0.tgz",
      "integrity": "sha512-MXcSTerfPa4uqyzStbRoTgt5XIe3x5+42+q1sDuy3R5MDk66URdLMOZe5aPX/SQd+kuYAh0FdP/pO28IkQyTeg==",
      "peer": true,
      "bin": {
        "uuid": "dist/bin/uuid"
      }
    },
    "node_modules/wildemitter": {
      "version": "1.2.1",
      "resolved": "https://registry.npmjs.org/wildemitter/-/wildemitter-1.2.1.tgz",
      "integrity": "sha512-UMmSUoIQSir+XbBpTxOTS53uJ8s/lVhADCkEbhfRjUGFDPme/XGOb0sBWLx5sTz7Wx/2+TlAw1eK9O5lw5PiEw==",
      "peer": true
    },
    "node_modules/wolfy87-eventemitter": {
      "version": "5.2.9",
      "resolved": "https://registry.npmjs.org/wolfy87-eventemitter/-/wolfy87-eventemitter-5.2.9.tgz",
      "integrity": "sha512-P+6vtWyuDw+MB01X7UeF8TaHBvbCovf4HPEMF/SV7BdDc1SMTiBy13SRD71lQh4ExFTG1d/WNzDGDCyOKSMblw==",
      "peer": true
    },
    "node_modules/yallist": {
      "version": "4.0.0",
      "resolved": "https://registry.npmjs.org/yallist/-/yallist-4.0.0.tgz",
      "integrity": "sha512-3wdGidZyq5PB084XLES5TpOSRA3wjXAlIWMhum2kRcv/41Sn2emQ0dycQW4uZXLejwKvg6EsvbdlVL+FYEct7A==",
      "peer": true
    },
    "node_modules/zone.js": {
      "version": "0.12.0",
      "resolved": "https://registry.npmjs.org/zone.js/-/zone.js-0.12.0.tgz",
      "integrity": "sha512-XtC+I5dXU14HrzidAKBNMqneIVUykLEAA1x+v4KVrd6AUPWlwYORF8KgsVqvgdHiKZ4BkxxjvYi/ksEixTPR0Q==",
      "peer": true,
      "dependencies": {
        "tslib": "^2.3.0"
      }
    }
  }
}
