{
	"name": "openvidu-components-angular",
	"version": "3.2.0",
	"lockfileVersion": 3,
	"requires": true,
	"packages": {
		"": {
			"name": "openvidu-components-angular",
			"version": "3.2.0",
			"dependencies": {
				"tslib": "^2.3.0"
			},
			"peerDependencies": {
				"@angular/animations": "^17.0.0 || ^18.0.0",
				"@angular/cdk": "^17.0.0 || ^18.0.0",
				"@angular/common": "^17.0.0 || ^18.0.0",
				"@angular/core": "^17.0.0 || ^18.0.0",
				"@angular/forms": "^17.0.0 || ^18.0.0",
				"@angular/material": "^17.0.0 || ^18.0.0",
				"@livekit/track-processors": "^0.3.2",
				"autolinker": "^4.0.0",
				"buffer": "^6.0.3",
				"livekit-client": "^2.1.0"
			}
		},
		"node_modules/@angular/animations": {
			"version": "18.2.8",
			"resolved": "https://registry.npmjs.org/@angular/animations/-/animations-18.2.8.tgz",
			"integrity": "sha512-dMSn2hg70siv3lhP+vqhMbgc923xw6XBUvnpCPEzhZqFHvPXfh/LubmsD5RtqHmjWebXtgVcgS+zg3Gq3jB2lg==",
			"license": "MIT",
			"peer": true,
			"dependencies": {
				"tslib": "^2.3.0"
			},
			"engines": {
				"node": "^18.19.1 || ^20.11.1 || >=22.0.0"
			},
			"peerDependencies": {
				"@angular/core": "18.2.8"
			}
		},
		"node_modules/@angular/cdk": {
			"version": "18.2.8",
			"resolved": "https://registry.npmjs.org/@angular/cdk/-/cdk-18.2.8.tgz",
			"integrity": "sha512-J8A2FkwTBzLleAEWz6EgW73dEoeq87GREBPjTv8+2JV09LX+V3hnbgNk6zWq5k4OXtQNg9WrWP9QyRbUyA597g==",
			"license": "MIT",
			"peer": true,
			"dependencies": {
				"tslib": "^2.3.0"
			},
			"optionalDependencies": {
				"parse5": "^7.1.2"
			},
			"peerDependencies": {
				"@angular/common": "^18.0.0 || ^19.0.0",
				"@angular/core": "^18.0.0 || ^19.0.0",
				"rxjs": "^6.5.3 || ^7.4.0"
			}
		},
		"node_modules/@angular/common": {
			"version": "18.2.8",
			"resolved": "https://registry.npmjs.org/@angular/common/-/common-18.2.8.tgz",
			"integrity": "sha512-TYsKtE5nVaIScWSLGSO34Skc+s3hB/BujSddnfQHoNFvPT/WR0dfmdlpVCTeLj+f50htFoMhW11tW99PbK+whQ==",
			"license": "MIT",
			"peer": true,
			"dependencies": {
				"tslib": "^2.3.0"
			},
			"engines": {
				"node": "^18.19.1 || ^20.11.1 || >=22.0.0"
			},
			"peerDependencies": {
				"@angular/core": "18.2.8",
				"rxjs": "^6.5.3 || ^7.4.0"
			}
		},
		"node_modules/@angular/core": {
			"version": "18.2.8",
			"resolved": "https://registry.npmjs.org/@angular/core/-/core-18.2.8.tgz",
			"integrity": "sha512-NwIuX/Iby1jT6Iv1/s6S3wOFf8xfuQR3MPGvKhGgNtjXLbHG+TXceK9+QPZC0s9/Z8JR/hz+li34B79GrIKgUg==",
			"license": "MIT",
			"peer": true,
			"dependencies": {
				"tslib": "^2.3.0"
			},
			"engines": {
				"node": "^18.19.1 || ^20.11.1 || >=22.0.0"
			},
			"peerDependencies": {
				"rxjs": "^6.5.3 || ^7.4.0",
				"zone.js": "~0.14.10"
			}
		},
		"node_modules/@angular/forms": {
			"version": "18.2.8",
			"resolved": "https://registry.npmjs.org/@angular/forms/-/forms-18.2.8.tgz",
			"integrity": "sha512-JCLki7KC6D5vF6dE6yGlBmW33khIgpHs8N9SzuiJtkQqNDTIQA8cPsGV6qpLpxflxASynQOX5lDkWYdQyfm77Q==",
			"license": "MIT",
			"peer": true,
			"dependencies": {
				"tslib": "^2.3.0"
			},
			"engines": {
				"node": "^18.19.1 || ^20.11.1 || >=22.0.0"
			},
			"peerDependencies": {
				"@angular/common": "18.2.8",
				"@angular/core": "18.2.8",
				"@angular/platform-browser": "18.2.8",
				"rxjs": "^6.5.3 || ^7.4.0"
			}
		},
		"node_modules/@angular/material": {
			"version": "18.2.8",
			"resolved": "https://registry.npmjs.org/@angular/material/-/material-18.2.8.tgz",
			"integrity": "sha512-wQGMVsfQ9lQfih2VsWAvV4z3S3uBxrxc61owlE+K0T1BxH9u/jo3A/rnRitIdvR/L4NnYlfhCnmrW9K+Pl+WCg==",
			"license": "MIT",
			"peer": true,
			"dependencies": {
				"tslib": "^2.3.0"
			},
			"peerDependencies": {
				"@angular/animations": "^18.0.0 || ^19.0.0",
				"@angular/cdk": "18.2.8",
				"@angular/common": "^18.0.0 || ^19.0.0",
				"@angular/core": "^18.0.0 || ^19.0.0",
				"@angular/forms": "^18.0.0 || ^19.0.0",
				"@angular/platform-browser": "^18.0.0 || ^19.0.0",
				"rxjs": "^6.5.3 || ^7.4.0"
			}
		},
		"node_modules/@angular/platform-browser": {
			"version": "18.2.8",
			"resolved": "https://registry.npmjs.org/@angular/platform-browser/-/platform-browser-18.2.8.tgz",
			"integrity": "sha512-EPai4ZPqSq3ilLJUC85kPi9wo5j5suQovwtgRyjM/75D9Qy4TV19g8hkVM5Co/zrltO8a2G6vDscCNI5BeGw2A==",
			"license": "MIT",
			"peer": true,
			"dependencies": {
				"tslib": "^2.3.0"
			},
			"engines": {
				"node": "^18.19.1 || ^20.11.1 || >=22.0.0"
			},
			"peerDependencies": {
				"@angular/animations": "18.2.8",
				"@angular/common": "18.2.8",
				"@angular/core": "18.2.8"
			},
			"peerDependenciesMeta": {
				"@angular/animations": {
					"optional": true
				}
			}
		},
		"node_modules/@bufbuild/protobuf": {
			"version": "1.10.0",
			"resolved": "https://registry.npmjs.org/@bufbuild/protobuf/-/protobuf-1.10.0.tgz",
			"integrity": "sha512-QDdVFLoN93Zjg36NoQPZfsVH9tZew7wKDKyV5qRdj8ntT4wQCOradQjRaTdwMhWUYsgKsvCINKKm87FdEk96Ag==",
			"license": "(Apache-2.0 AND BSD-3-Clause)",
			"peer": true
		},
		"node_modules/@livekit/protocol": {
			"version": "1.24.0",
			"resolved": "https://registry.npmjs.org/@livekit/protocol/-/protocol-1.24.0.tgz",
			"integrity": "sha512-9dCsqnkMn7lvbI4NGh18zhLDsrXyUcpS++TEFgEk5Xv1WM3R2kT3EzqgL1P/mr3jaabM6rJ8wZA/KJLuQNpF5w==",
			"license": "Apache-2.0",
			"peer": true,
			"dependencies": {
				"@bufbuild/protobuf": "^1.10.0"
			}
		},
		"node_modules/@livekit/track-processors": {
			"version": "0.3.2",
			"resolved": "https://registry.npmjs.org/@livekit/track-processors/-/track-processors-0.3.2.tgz",
			"integrity": "sha512-4JUCzb7yIKoVsTo8J6FTzLZJHcI6DihfX/pGRDg0SOGaxprcDPrt8jaDBBTsnGBSXHeMxl2ugN+xQjdCWzLKEA==",
			"license": "Apache-2.0",
			"peer": true,
			"dependencies": {
				"@mediapipe/holistic": "0.5.1675471629",
				"@mediapipe/tasks-vision": "0.10.9"
			},
			"peerDependencies": {
				"livekit-client": "^1.12.0 || ^2.1.0"
			}
		},
		"node_modules/@mediapipe/holistic": {
			"version": "0.5.1675471629",
			"resolved": "https://registry.npmjs.org/@mediapipe/holistic/-/holistic-0.5.1675471629.tgz",
			"integrity": "sha512-qY+cxtDeSOvVtevrLgnodiwXYaAtPi7dHZtNv/bUCGEjFicAOYtMmrZSqMmbPkTB2+4jLnPF1vgshkAqQRSYAw==",
			"license": "Apache-2.0",
			"peer": true
		},
		"node_modules/@mediapipe/tasks-vision": {
			"version": "0.10.9",
			"resolved": "https://registry.npmjs.org/@mediapipe/tasks-vision/-/tasks-vision-0.10.9.tgz",
			"integrity": "sha512-/gFguyJm1ng4Qr7VVH2vKO+zZcQd8wc3YafUfvBuYFX0Y5+CvrV+VNPEVkl5W/gUZF5KNKNZAiaHPULGPCIjyQ==",
			"license": "Apache-2.0",
			"peer": true
		},
		"node_modules/autolinker": {
			"version": "4.0.0",
			"resolved": "https://registry.npmjs.org/autolinker/-/autolinker-4.0.0.tgz",
			"integrity": "sha512-fl5Kh6BmEEZx+IWBfEirnRUU5+cOiV0OK7PEt0RBKvJMJ8GaRseIOeDU3FKf4j3CE5HVefcjHmhYPOcaVt0bZw==",
			"license": "MIT",
			"peer": true,
			"dependencies": {
				"tslib": "^2.3.0"
			}
		},
		"node_modules/base64-js": {
			"version": "1.5.1",
			"resolved": "https://registry.npmjs.org/base64-js/-/base64-js-1.5.1.tgz",
			"integrity": "sha512-AKpaYlHn8t4SVbOHCy+b5+KKgvR4vrsD8vbvrbiQJps7fKDTkjkDry6ji0rUJjC0kzbNePLwzxq8iypo41qeWA==",
			"funding": [
				{
					"type": "github",
					"url": "https://github.com/sponsors/feross"
				},
				{
					"type": "patreon",
					"url": "https://www.patreon.com/feross"
				},
				{
					"type": "consulting",
					"url": "https://feross.org/support"
				}
			],
			"license": "MIT",
			"peer": true
		},
		"node_modules/buffer": {
			"version": "6.0.3",
			"resolved": "https://registry.npmjs.org/buffer/-/buffer-6.0.3.tgz",
			"integrity": "sha512-FTiCpNxtwiZZHEZbcbTIcZjERVICn9yq/pDFkTl95/AxzD1naBctN7YO68riM/gLSDY7sdrMby8hofADYuuqOA==",
			"funding": [
				{
					"type": "github",
					"url": "https://github.com/sponsors/feross"
				},
				{
					"type": "patreon",
					"url": "https://www.patreon.com/feross"
				},
				{
					"type": "consulting",
					"url": "https://feross.org/support"
				}
			],
			"license": "MIT",
			"peer": true,
			"dependencies": {
				"base64-js": "^1.3.1",
				"ieee754": "^1.2.1"
			}
		},
		"node_modules/entities": {
			"version": "4.5.0",
			"resolved": "https://registry.npmjs.org/entities/-/entities-4.5.0.tgz",
			"integrity": "sha512-V0hjH4dGPh9Ao5p0MoRY6BVqtwCjhz6vI5LT8AJ55H+4g9/4vbHx1I54fS0XuclLhDHArPQCiMjDxjaL8fPxhw==",
			"license": "BSD-2-Clause",
			"optional": true,
			"peer": true,
			"engines": {
				"node": ">=0.12"
			},
			"funding": {
				"url": "https://github.com/fb55/entities?sponsor=1"
			}
		},
		"node_modules/events": {
			"version": "3.3.0",
			"resolved": "https://registry.npmjs.org/events/-/events-3.3.0.tgz",
			"integrity": "sha512-mQw+2fkQbALzQ7V0MY0IqdnXNOeTtP4r0lN9z7AAawCXgqea7bDii20AYrIBrFd/Hx0M2Ocz6S111CaFkUcb0Q==",
			"license": "MIT",
			"peer": true,
			"engines": {
				"node": ">=0.8.x"
			}
		},
		"node_modules/ieee754": {
			"version": "1.2.1",
			"resolved": "https://registry.npmjs.org/ieee754/-/ieee754-1.2.1.tgz",
			"integrity": "sha512-dcyqhDvX1C46lXZcVqCpK+FtMRQVdIMN6/Df5js2zouUsqG7I6sFxitIC+7KYK29KdXOLHdu9zL4sFnoVQnqaA==",
			"funding": [
				{
					"type": "github",
					"url": "https://github.com/sponsors/feross"
				},
				{
					"type": "patreon",
					"url": "https://www.patreon.com/feross"
				},
				{
					"type": "consulting",
					"url": "https://feross.org/support"
				}
			],
			"license": "BSD-3-Clause",
			"peer": true
		},
		"node_modules/livekit-client": {
			"version": "2.5.9",
			"resolved": "https://registry.npmjs.org/livekit-client/-/livekit-client-2.5.9.tgz",
			"integrity": "sha512-oDpK6SKYB1F+mNO+25DA0bF0cD2XoOJeD8ji4YQpzDBQv2IxeyKrQhoqXAqrYgIKuiMNkImSf+yg2v7EHSl4Og==",
			"license": "Apache-2.0",
			"peer": true,
			"dependencies": {
				"@livekit/protocol": "1.24.0",
				"events": "^3.3.0",
				"loglevel": "^1.8.0",
				"sdp-transform": "^2.14.1",
				"ts-debounce": "^4.0.0",
				"tslib": "2.7.0",
				"typed-emitter": "^2.1.0",
				"webrtc-adapter": "^9.0.0"
			}
		},
		"node_modules/loglevel": {
			"version": "1.9.2",
			"resolved": "https://registry.npmjs.org/loglevel/-/loglevel-1.9.2.tgz",
			"integrity": "sha512-HgMmCqIJSAKqo68l0rS2AanEWfkxaZ5wNiEFb5ggm08lDs9Xl2KxBlX3PTcaD2chBM1gXAYf491/M2Rv8Jwayg==",
			"license": "MIT",
			"peer": true,
			"engines": {
				"node": ">= 0.6.0"
			},
			"funding": {
				"type": "tidelift",
				"url": "https://tidelift.com/funding/github/npm/loglevel"
			}
		},
		"node_modules/parse5": {
			"version": "7.2.0",
			"resolved": "https://registry.npmjs.org/parse5/-/parse5-7.2.0.tgz",
			"integrity": "sha512-ZkDsAOcxsUMZ4Lz5fVciOehNcJ+Gb8gTzcA4yl3wnc273BAybYWrQ+Ks/OjCjSEpjvQkDSeZbybK9qj2VHHdGA==",
			"license": "MIT",
			"optional": true,
			"peer": true,
			"dependencies": {
				"entities": "^4.5.0"
			},
			"funding": {
				"url": "https://github.com/inikulin/parse5?sponsor=1"
			}
		},
		"node_modules/rxjs": {
			"version": "7.8.1",
			"resolved": "https://registry.npmjs.org/rxjs/-/rxjs-7.8.1.tgz",
			"integrity": "sha512-AA3TVj+0A2iuIoQkWEK/tqFjBq2j+6PO6Y0zJcvzLAFhEFIO3HL0vls9hWLncZbAAbK0mar7oZ4V079I/qPMxg==",
			"license": "Apache-2.0",
			"peer": true,
			"dependencies": {
				"tslib": "^2.1.0"
			}
		},
		"node_modules/sdp": {
			"version": "3.2.0",
			"resolved": "https://registry.npmjs.org/sdp/-/sdp-3.2.0.tgz",
			"integrity": "sha512-d7wDPgDV3DDiqulJjKiV2865wKsJ34YI+NDREbm+FySq6WuKOikwyNQcm+doLAZ1O6ltdO0SeKle2xMpN3Brgw==",
			"license": "MIT",
			"peer": true
		},
		"node_modules/sdp-transform": {
			"version": "2.14.2",
			"resolved": "https://registry.npmjs.org/sdp-transform/-/sdp-transform-2.14.2.tgz",
			"integrity": "sha512-icY6jVao7MfKCieyo1AyxFYm1baiM+fA00qW/KrNNVlkxHAd34riEKuEkUe4bBb3gJwLJZM+xT60Yj1QL8rHiA==",
			"license": "MIT",
			"peer": true,
			"bin": {
				"sdp-verify": "checker.js"
			}
		},
		"node_modules/ts-debounce": {
			"version": "4.0.0",
			"resolved": "https://registry.npmjs.org/ts-debounce/-/ts-debounce-4.0.0.tgz",
			"integrity": "sha512-+1iDGY6NmOGidq7i7xZGA4cm8DAa6fqdYcvO5Z6yBevH++Bdo9Qt/mN0TzHUgcCcKv1gmh9+W5dHqz8pMWbCbg==",
			"license": "MIT",
			"peer": true
		},
		"node_modules/tslib": {
			"version": "2.7.0",
			"resolved": "https://registry.npmjs.org/tslib/-/tslib-2.7.0.tgz",
			"integrity": "sha512-gLXCKdN1/j47AiHiOkJN69hJmcbGTHI0ImLmbYLHykhgeN0jVGola9yVjFgzCUklsZQMW55o+dW7IXv3RCXDzA==",
			"license": "0BSD"
		},
		"node_modules/typed-emitter": {
			"version": "2.1.0",
			"resolved": "https://registry.npmjs.org/typed-emitter/-/typed-emitter-2.1.0.tgz",
			"integrity": "sha512-g/KzbYKbH5C2vPkaXGu8DJlHrGKHLsM25Zg9WuC9pMGfuvT+X25tZQWo5fK1BjBm8+UrVE9LDCvaY0CQk+fXDA==",
			"license": "MIT",
			"peer": true,
			"optionalDependencies": {
				"rxjs": "*"
			}
		},
		"node_modules/webrtc-adapter": {
			"version": "9.0.1",
			"resolved": "https://registry.npmjs.org/webrtc-adapter/-/webrtc-adapter-9.0.1.tgz",
			"integrity": "sha512-1AQO+d4ElfVSXyzNVTOewgGT/tAomwwztX/6e3totvyyzXPvXIIuUUjAmyZGbKBKbZOXauuJooZm3g6IuFuiNQ==",
			"license": "BSD-3-Clause",
			"peer": true,
			"dependencies": {
				"sdp": "^3.2.0"
			},
			"engines": {
				"node": ">=6.0.0",
				"npm": ">=3.10.0"
			}
		},
		"node_modules/zone.js": {
			"version": "0.14.10",
			"resolved": "https://registry.npmjs.org/zone.js/-/zone.js-0.14.10.tgz",
			"integrity": "sha512-YGAhaO7J5ywOXW6InXNlLmfU194F8lVgu7bRntUF3TiG8Y3nBK0x1UJJuHUP/e8IyihkjCYqhCScpSwnlaSRkQ==",
			"license": "MIT",
			"peer": true
		}
	}
}
